
Microsoft Visual Studio Solution File, Format Version 12.00
# Visual Studio Version 17
VisualStudioVersion = 17.8.34511.84
MinimumVisualStudioVersion = 10.0.40219.1
Project("{FAE04EC0-301F-11D3-BF4B-00C04F79EFBC}") = "ImportCSV", "ImportCSV.csproj", "{6E0D09BD-646E-444C-8352-FB9C09FCE056}"
EndProject
Global
	GlobalSection(SolutionConfigurationPlatforms) = preSolution
		Debug|Any CPU = Debug|Any CPU
		Release|Any CPU = Release|Any CPU
	EndGlobalSection
	GlobalSection(ProjectConfigurationPlatforms) = postSolution
		{6E0D09BD-646E-444C-8352-FB9C09FCE056}.Debug|Any CPU.ActiveCfg = Debug|Any CPU
		{6E0D09BD-646E-444C-8352-FB9C09FCE056}.Debug|Any CPU.Build.0 = Debug|Any CPU
		{6E0D09BD-646E-444C-8352-FB9C09FCE056}.Release|Any CPU.ActiveCfg = Release|Any CPU
		{6E0D09BD-646E-444C-8352-FB9C09FCE056}.Release|Any CPU.Build.0 = Release|Any CPU
	EndGlobalSection
	GlobalSection(SolutionProperties) = preSolution
		HideSolutionNode = FALSE
	EndGlobalSection
	GlobalSection(ExtensibilityGlobals) = postSolution
		SolutionGuid = {44BC5A0D-3C8F-4FB7-BB1E-71B3C9340C00}
	EndGlobalSection
EndGlobal
